
Microsoft Visual Studio Solution File, Format Version 12.00
# Visual Studio 15
VisualStudioVersion = 15.0.27004.2002
MinimumVisualStudioVersion = 10.0.40219.1
Project("{2150E333-8FDC-42A3-9474-1A3956D46DE8}") = "src", "src", "{621237A9-9D73-4D38-9C13-B72D08E0C989}"
EndProject
Project("{2150E333-8FDC-42A3-9474-1A3956D46DE8}") = "Services", "Services", "{EF4864C2-34B9-45F2-8248-B2D283C48800}"
EndProject
Project("{2150E333-8FDC-42A3-9474-1A3956D46DE8}") = "External Projects", "External Projects", "{8D78CEBC-1977-47A7-9AFF-21A19CC602D4}"
EndProject
Project("{2150E333-8FDC-42A3-9474-1A3956D46DE8}") = "Clients", "Clients", "{563D1B5A-D954-4520-AF84-EB93532141E9}"
EndProject
Project("{9A19103F-16F7-4668-BE54-9A1E7A4F7556}") = "BookStore.Clients.Web", "BookStore.Clients.Web\BookStore.Clients.Web.csproj", "{962A9E2D-D412-40E2-A076-8D70BA6AAE8D}"
EndProject
Project("{2150E333-8FDC-42A3-9474-1A3956D46DE8}") = "Members", "Members", "{3534838A-8D88-4C6C-9E6B-6E3A7DC59DCC}"
EndProject
Project("{2150E333-8FDC-42A3-9474-1A3956D46DE8}") = "Search", "Search", "{E243AB21-9DF1-4E1B-9270-2F9A6473D4C0}"
EndProject
Project("{2150E333-8FDC-42A3-9474-1A3956D46DE8}") = "Books", "Books", "{F8ACF8A4-82DC-4B84-B92A-2C2E5B5CA2D9}"
EndProject
Project("{9A19103F-16F7-4668-BE54-9A1E7A4F7556}") = "Books.API", "Books.API\Books.API.csproj", "{E09DB2C8-D46A-4C7C-818E-207EDA2019ED}"
EndProject
Project("{9A19103F-16F7-4668-BE54-9A1E7A4F7556}") = "Members.API", "Members.API\Members.API.csproj", "{691305EF-FF0A-45CF-9B37-86D0D1A46B0E}"
EndProject
Project("{9A19103F-16F7-4668-BE54-9A1E7A4F7556}") = "Search.API", "Search.API\Search.API.csproj", "{8A2714E5-A0D5-4409-BA40-496DB896045C}"
EndProject
Project("{2150E333-8FDC-42A3-9474-1A3956D46DE8}") = "Identity", "Identity", "{B9E6AFE3-C1F6-4AFB-964D-2E2832458C44}"
EndProject
Project("{9A19103F-16F7-4668-BE54-9A1E7A4F7556}") = "Identity.API", "Identity.API\Identity.API.csproj", "{F481AAD0-B1B2-4222-93C3-4A969C4144A7}"
EndProject
Project("{9A19103F-16F7-4668-BE54-9A1E7A4F7556}") = "BookStore.Swagger", "BookStoreMS.Swagger\BookStore.Swagger.csproj", "{90A1DBE8-8E2D-4A02-82B3-CA86EBF8E67E}"
EndProject
Project("{9A19103F-16F7-4668-BE54-9A1E7A4F7556}") = "BookStore.Auth", "BookStore.Auth\BookStore.Auth.csproj", "{75AD0341-2B41-413E-9F09-FBD9224297E5}"
EndProject
Project("{9A19103F-16F7-4668-BE54-9A1E7A4F7556}") = "BookStore.Resiliance", "BookStoreMS.Resiliance\BookStore.Resiliance.csproj", "{89D06400-8C1C-48E0-A2CE-CDC7A3C5EFB1}"
EndProject
Project("{FAE04EC0-301F-11D3-BF4B-00C04F79EFBC}") = "BookStore.EventBus", "BookStore.EventBus\BookStore.EventBus.csproj", "{81097607-AD34-4C7D-A283-1DAFC083FB51}"
EndProject
Project("{FAE04EC0-301F-11D3-BF4B-00C04F79EFBC}") = "BookStore.EventBus.RabbitMQ", "BookStore.EventBus.RabbitMQ\BookStore.EventBus.RabbitMQ.csproj", "{2ABD4624-2131-4A44-B73D-B6BB16B87B7D}"
EndProject
Global
	GlobalSection(SolutionConfigurationPlatforms) = preSolution
		Debug|Any CPU = Debug|Any CPU
		Release|Any CPU = Release|Any CPU
	EndGlobalSection
	GlobalSection(ProjectConfigurationPlatforms) = postSolution
		{962A9E2D-D412-40E2-A076-8D70BA6AAE8D}.Debug|Any CPU.ActiveCfg = Debug|Any CPU
		{962A9E2D-D412-40E2-A076-8D70BA6AAE8D}.Debug|Any CPU.Build.0 = Debug|Any CPU
		{962A9E2D-D412-40E2-A076-8D70BA6AAE8D}.Release|Any CPU.ActiveCfg = Release|Any CPU
		{962A9E2D-D412-40E2-A076-8D70BA6AAE8D}.Release|Any CPU.Build.0 = Release|Any CPU
		{E09DB2C8-D46A-4C7C-818E-207EDA2019ED}.Debug|Any CPU.ActiveCfg = Debug|Any CPU
		{E09DB2C8-D46A-4C7C-818E-207EDA2019ED}.Debug|Any CPU.Build.0 = Debug|Any CPU
		{E09DB2C8-D46A-4C7C-818E-207EDA2019ED}.Release|Any CPU.ActiveCfg = Release|Any CPU
		{E09DB2C8-D46A-4C7C-818E-207EDA2019ED}.Release|Any CPU.Build.0 = Release|Any CPU
		{691305EF-FF0A-45CF-9B37-86D0D1A46B0E}.Debug|Any CPU.ActiveCfg = Debug|Any CPU
		{691305EF-FF0A-45CF-9B37-86D0D1A46B0E}.Debug|Any CPU.Build.0 = Debug|Any CPU
		{691305EF-FF0A-45CF-9B37-86D0D1A46B0E}.Release|Any CPU.ActiveCfg = Release|Any CPU
		{691305EF-FF0A-45CF-9B37-86D0D1A46B0E}.Release|Any CPU.Build.0 = Release|Any CPU
		{8A2714E5-A0D5-4409-BA40-496DB896045C}.Debug|Any CPU.ActiveCfg = Debug|Any CPU
		{8A2714E5-A0D5-4409-BA40-496DB896045C}.Debug|Any CPU.Build.0 = Debug|Any CPU
		{8A2714E5-A0D5-4409-BA40-496DB896045C}.Release|Any CPU.ActiveCfg = Release|Any CPU
		{8A2714E5-A0D5-4409-BA40-496DB896045C}.Release|Any CPU.Build.0 = Release|Any CPU
		{F481AAD0-B1B2-4222-93C3-4A969C4144A7}.Debug|Any CPU.ActiveCfg = Debug|Any CPU
		{F481AAD0-B1B2-4222-93C3-4A969C4144A7}.Debug|Any CPU.Build.0 = Debug|Any CPU
		{F481AAD0-B1B2-4222-93C3-4A969C4144A7}.Release|Any CPU.ActiveCfg = Release|Any CPU
		{F481AAD0-B1B2-4222-93C3-4A969C4144A7}.Release|Any CPU.Build.0 = Release|Any CPU
		{90A1DBE8-8E2D-4A02-82B3-CA86EBF8E67E}.Debug|Any CPU.ActiveCfg = Debug|Any CPU
		{90A1DBE8-8E2D-4A02-82B3-CA86EBF8E67E}.Debug|Any CPU.Build.0 = Debug|Any CPU
		{90A1DBE8-8E2D-4A02-82B3-CA86EBF8E67E}.Release|Any CPU.ActiveCfg = Release|Any CPU
		{90A1DBE8-8E2D-4A02-82B3-CA86EBF8E67E}.Release|Any CPU.Build.0 = Release|Any CPU
		{75AD0341-2B41-413E-9F09-FBD9224297E5}.Debug|Any CPU.ActiveCfg = Debug|Any CPU
		{75AD0341-2B41-413E-9F09-FBD9224297E5}.Debug|Any CPU.Build.0 = Debug|Any CPU
		{75AD0341-2B41-413E-9F09-FBD9224297E5}.Release|Any CPU.ActiveCfg = Release|Any CPU
		{75AD0341-2B41-413E-9F09-FBD9224297E5}.Release|Any CPU.Build.0 = Release|Any CPU
		{89D06400-8C1C-48E0-A2CE-CDC7A3C5EFB1}.Debug|Any CPU.ActiveCfg = Debug|Any CPU
		{89D06400-8C1C-48E0-A2CE-CDC7A3C5EFB1}.Debug|Any CPU.Build.0 = Debug|Any CPU
		{89D06400-8C1C-48E0-A2CE-CDC7A3C5EFB1}.Release|Any CPU.ActiveCfg = Release|Any CPU
		{89D06400-8C1C-48E0-A2CE-CDC7A3C5EFB1}.Release|Any CPU.Build.0 = Release|Any CPU
		{81097607-AD34-4C7D-A283-1DAFC083FB51}.Debug|Any CPU.ActiveCfg = Debug|Any CPU
		{81097607-AD34-4C7D-A283-1DAFC083FB51}.Debug|Any CPU.Build.0 = Debug|Any CPU
		{81097607-AD34-4C7D-A283-1DAFC083FB51}.Release|Any CPU.ActiveCfg = Release|Any CPU
		{81097607-AD34-4C7D-A283-1DAFC083FB51}.Release|Any CPU.Build.0 = Release|Any CPU
		{2ABD4624-2131-4A44-B73D-B6BB16B87B7D}.Debug|Any CPU.ActiveCfg = Debug|Any CPU
		{2ABD4624-2131-4A44-B73D-B6BB16B87B7D}.Debug|Any CPU.Build.0 = Debug|Any CPU
		{2ABD4624-2131-4A44-B73D-B6BB16B87B7D}.Release|Any CPU.ActiveCfg = Release|Any CPU
		{2ABD4624-2131-4A44-B73D-B6BB16B87B7D}.Release|Any CPU.Build.0 = Release|Any CPU
	EndGlobalSection
	GlobalSection(SolutionProperties) = preSolution
		HideSolutionNode = FALSE
	EndGlobalSection
	GlobalSection(NestedProjects) = preSolution
		{EF4864C2-34B9-45F2-8248-B2D283C48800} = {621237A9-9D73-4D38-9C13-B72D08E0C989}
		{8D78CEBC-1977-47A7-9AFF-21A19CC602D4} = {621237A9-9D73-4D38-9C13-B72D08E0C989}
		{563D1B5A-D954-4520-AF84-EB93532141E9} = {621237A9-9D73-4D38-9C13-B72D08E0C989}
		{962A9E2D-D412-40E2-A076-8D70BA6AAE8D} = {563D1B5A-D954-4520-AF84-EB93532141E9}
		{3534838A-8D88-4C6C-9E6B-6E3A7DC59DCC} = {EF4864C2-34B9-45F2-8248-B2D283C48800}
		{E243AB21-9DF1-4E1B-9270-2F9A6473D4C0} = {EF4864C2-34B9-45F2-8248-B2D283C48800}
		{F8ACF8A4-82DC-4B84-B92A-2C2E5B5CA2D9} = {EF4864C2-34B9-45F2-8248-B2D283C48800}
		{E09DB2C8-D46A-4C7C-818E-207EDA2019ED} = {F8ACF8A4-82DC-4B84-B92A-2C2E5B5CA2D9}
		{691305EF-FF0A-45CF-9B37-86D0D1A46B0E} = {3534838A-8D88-4C6C-9E6B-6E3A7DC59DCC}
		{8A2714E5-A0D5-4409-BA40-496DB896045C} = {E243AB21-9DF1-4E1B-9270-2F9A6473D4C0}
		{B9E6AFE3-C1F6-4AFB-964D-2E2832458C44} = {EF4864C2-34B9-45F2-8248-B2D283C48800}
		{F481AAD0-B1B2-4222-93C3-4A969C4144A7} = {B9E6AFE3-C1F6-4AFB-964D-2E2832458C44}
		{90A1DBE8-8E2D-4A02-82B3-CA86EBF8E67E} = {8D78CEBC-1977-47A7-9AFF-21A19CC602D4}
		{75AD0341-2B41-413E-9F09-FBD9224297E5} = {8D78CEBC-1977-47A7-9AFF-21A19CC602D4}
		{89D06400-8C1C-48E0-A2CE-CDC7A3C5EFB1} = {8D78CEBC-1977-47A7-9AFF-21A19CC602D4}
		{81097607-AD34-4C7D-A283-1DAFC083FB51} = {8D78CEBC-1977-47A7-9AFF-21A19CC602D4}
		{2ABD4624-2131-4A44-B73D-B6BB16B87B7D} = {8D78CEBC-1977-47A7-9AFF-21A19CC602D4}
	EndGlobalSection
	GlobalSection(ExtensibilityGlobals) = postSolution
		SolutionGuid = {D7A37467-DAA9-4FB4-853F-CDE90962A27D}
	EndGlobalSection
EndGlobal
